
Microsoft Visual Studio Solution File, Format Version 12.00
# Visual Studio Version 16
VisualStudioVersion = 16.0.31105.61
MinimumVisualStudioVersion = 10.0.40219.1
Project("{FAE04EC0-301F-11D3-BF4B-00C04F79EFBC}") = "StudentsApp", "StudentsApp\StudentsApp.csproj", "{5FDD73CA-E84A-4B88-BCE7-622DE7488535}"
EndProject
Global
	GlobalSection(SolutionConfigurationPlatforms) = preSolution
		Debug|Any CPU = Debug|Any CPU
		Release|Any CPU = Release|Any CPU
	EndGlobalSection
	GlobalSection(ProjectConfigurationPlatforms) = postSolution
		{5FDD73CA-E84A-4B88-BCE7-622DE7488535}.Debug|Any CPU.ActiveCfg = Debug|Any CPU
		{5FDD73CA-E84A-4B88-BCE7-622DE7488535}.Debug|Any CPU.Build.0 = Debug|Any CPU
		{5FDD73CA-E84A-4B88-BCE7-622DE7488535}.Release|Any CPU.ActiveCfg = Release|Any CPU
		{5FDD73CA-E84A-4B88-BCE7-622DE7488535}.Release|Any CPU.Build.0 = Release|Any CPU
	EndGlobalSection
	GlobalSection(SolutionProperties) = preSolution
		HideSolutionNode = FALSE
	EndGlobalSection
	GlobalSection(ExtensibilityGlobals) = postSolution
		SolutionGuid = {202C0A3F-EE74-4FDC-9466-8DB8B1C97848}
	EndGlobalSection
EndGlobal
