
Microsoft Visual Studio Solution File, Format Version 12.00
# Visual Studio Version 16
VisualStudioVersion = 16.0.31105.61
MinimumVisualStudioVersion = 10.0.40219.1
Project("{FAE04EC0-301F-11D3-BF4B-00C04F79EFBC}") = "Crawler", "Crawler\Crawler.csproj", "{88B7CD34-3323-4C7E-AE10-3077D80BE49F}"
EndProject
Global
	GlobalSection(SolutionConfigurationPlatforms) = preSolution
		Debug|Any CPU = Debug|Any CPU
		Release|Any CPU = Release|Any CPU
	EndGlobalSection
	GlobalSection(ProjectConfigurationPlatforms) = postSolution
		{88B7CD34-3323-4C7E-AE10-3077D80BE49F}.Debug|Any CPU.ActiveCfg = Debug|Any CPU
		{88B7CD34-3323-4C7E-AE10-3077D80BE49F}.Debug|Any CPU.Build.0 = Debug|Any CPU
		{88B7CD34-3323-4C7E-AE10-3077D80BE49F}.Release|Any CPU.ActiveCfg = Release|Any CPU
		{88B7CD34-3323-4C7E-AE10-3077D80BE49F}.Release|Any CPU.Build.0 = Release|Any CPU
	EndGlobalSection
	GlobalSection(SolutionProperties) = preSolution
		HideSolutionNode = FALSE
	EndGlobalSection
	GlobalSection(ExtensibilityGlobals) = postSolution
		SolutionGuid = {74FBF7EE-0FF6-4098-85D3-B59B44731903}
	EndGlobalSection
EndGlobal
