
Microsoft Visual Studio Solution File, Format Version 12.00
# Visual Studio Version 16
VisualStudioVersion = 16.0.31105.61
MinimumVisualStudioVersion = 10.0.40219.1
Project("{FAE04EC0-301F-11D3-BF4B-00C04F79EFBC}") = "Warehouses", "Warehouses\Warehouses.csproj", "{E4062CBA-B9DA-49CE-B4C3-795AF2726CC1}"
EndProject
Global
	GlobalSection(SolutionConfigurationPlatforms) = preSolution
		Debug|Any CPU = Debug|Any CPU
		Release|Any CPU = Release|Any CPU
	EndGlobalSection
	GlobalSection(ProjectConfigurationPlatforms) = postSolution
		{E4062CBA-B9DA-49CE-B4C3-795AF2726CC1}.Debug|Any CPU.ActiveCfg = Debug|Any CPU
		{E4062CBA-B9DA-49CE-B4C3-795AF2726CC1}.Debug|Any CPU.Build.0 = Debug|Any CPU
		{E4062CBA-B9DA-49CE-B4C3-795AF2726CC1}.Release|Any CPU.ActiveCfg = Release|Any CPU
		{E4062CBA-B9DA-49CE-B4C3-795AF2726CC1}.Release|Any CPU.Build.0 = Release|Any CPU
	EndGlobalSection
	GlobalSection(SolutionProperties) = preSolution
		HideSolutionNode = FALSE
	EndGlobalSection
	GlobalSection(ExtensibilityGlobals) = postSolution
		SolutionGuid = {D8B07F3D-61F8-4E05-ABE2-2E75894E761F}
	EndGlobalSection
EndGlobal
